<?xml version="1.0" encoding="utf-8"?>
<Project ToolsVersion="4.0" xmlns="http://schemas.microsoft.com/developer/msbuild/2003">
  <ItemGroup>
    <Filter Include="Module">
      <UniqueIdentifier>{82862086-7aaf-4882-b759-56a669cfa0ca}</UniqueIdentifier>
    </Filter>
  </ItemGroup>
  <ItemGroup>
    <ClCompile Include="GloryGLSLShaderLoader.cpp">
      <Filter>Module</Filter>
    </ClCompile>
  </ItemGroup>
  <ItemGroup>
    <ClInclude Include="GloryGLSLShaderLoader.h">
      <Filter>Module</Filter>
    </ClInclude>
  </ItemGroup>
</Project>