<?xml version="1.0" encoding="utf-8"?>
<Project ToolsVersion="4.0" xmlns="http://schemas.microsoft.com/developer/msbuild/2003">
  <ItemGroup>
    <Filter Include="Module">
      <UniqueIdentifier>{d9105442-4273-4c9f-9cb1-25de3192e5ac}</UniqueIdentifier>
    </Filter>
    <Filter Include="OLD">
      <UniqueIdentifier>{15e0af62-4494-46aa-a8b1-c0880fa20b05}</UniqueIdentifier>
    </Filter>
    <Filter Include="ECS">
      <UniqueIdentifier>{7c20e5c8-f134-4a7b-a971-41c8c3571e39}</UniqueIdentifier>
    </Filter>
    <Filter Include="Systems">
      <UniqueIdentifier>{71e51d25-5cc1-43e1-b1ff-ad58567ddbf6}</UniqueIdentifier>
    </Filter>
  </ItemGroup>
  <ItemGroup>
    <ClCompile Include="GloryEntitiesModule.cpp">
      <Filter>Module</Filter>
    </ClCompile>
    <ClCompile Include="EntityScene.cpp">
      <Filter>Module</Filter>
    </ClCompile>
    <ClCompile Include="Registry.cpp">
      <Filter>ECS</Filter>
    </ClCompile>
    <ClCompile Include="EntityComponent.cpp">
      <Filter>OLD</Filter>
    </ClCompile>
    <ClCompile Include="EntityGameObject.cpp">
      <Filter>OLD</Filter>
    </ClCompile>
    <ClCompile Include="Entity.cpp">
      <Filter>Module</Filter>
    </ClCompile>
    <ClCompile Include="EntitySystem.cpp">
      <Filter>Systems</Filter>
    </ClCompile>
    <ClCompile Include="EntitySystems.cpp">
      <Filter>Systems</Filter>
    </ClCompile>
  </ItemGroup>
  <ItemGroup>
    <ClInclude Include="GloryEntitiesModule.h">
      <Filter>Module</Filter>
    </ClInclude>
    <ClInclude Include="EntityScene.h">
      <Filter>Module</Filter>
    </ClInclude>
    <ClInclude Include="EntityComponentData.h">
      <Filter>ECS</Filter>
    </ClInclude>
    <ClInclude Include="Registry.h">
      <Filter>ECS</Filter>
    </ClInclude>
    <ClInclude Include="EntityComponent.h">
      <Filter>OLD</Filter>
    </ClInclude>
    <ClInclude Include="EntityGameObject.h">
      <Filter>OLD</Filter>
    </ClInclude>
    <ClInclude Include="Entity.h">
      <Filter>Module</Filter>
    </ClInclude>
    <ClInclude Include="EntityID.h">
      <Filter>ECS</Filter>
    </ClInclude>
    <ClInclude Include="EntitySystem.h">
      <Filter>Systems</Filter>
    </ClInclude>
    <ClInclude Include="EntitySystems.h">
      <Filter>Systems</Filter>
    </ClInclude>
  </ItemGroup>
</Project>