<?xml version="1.0" encoding="utf-8"?>
<Project ToolsVersion="4.0" xmlns="http://schemas.microsoft.com/developer/msbuild/2003">
  <ItemGroup>
    <Filter Include="Modules">
      <UniqueIdentifier>{7c80d032-726a-47b5-a7ef-8dde6a4b5dbf}</UniqueIdentifier>
    </Filter>
    <Filter Include="Core">
      <UniqueIdentifier>{fec1dc8f-e10e-49a8-acd3-945df6fdc031}</UniqueIdentifier>
    </Filter>
    <Filter Include="Modules\Window">
      <UniqueIdentifier>{7cb283d4-817c-42d9-9c9d-a6ce3a088a11}</UniqueIdentifier>
    </Filter>
    <Filter Include="Modules\Graphics">
      <UniqueIdentifier>{1002c50a-8b51-42ef-81bd-21f0c167ee07}</UniqueIdentifier>
    </Filter>
    <Filter Include="Console">
      <UniqueIdentifier>{b974db2a-d750-4dc0-8164-62248fe429bc}</UniqueIdentifier>
    </Filter>
  </ItemGroup>
  <ItemGroup>
    <ClInclude Include="CoreExceptions.h">
      <Filter>Core</Filter>
    </ClInclude>
    <ClInclude Include="GloryCore.h">
      <Filter>Core</Filter>
    </ClInclude>
    <ClInclude Include="Object.h">
      <Filter>Core</Filter>
    </ClInclude>
    <ClInclude Include="Window.h">
      <Filter>Modules\Window</Filter>
    </ClInclude>
    <ClInclude Include="WindowModule.h">
      <Filter>Modules\Window</Filter>
    </ClInclude>
    <ClInclude Include="GameSettings.h">
      <Filter>Core</Filter>
    </ClInclude>
    <ClInclude Include="GameState.h">
      <Filter>Core</Filter>
    </ClInclude>
    <ClInclude Include="Game.h">
      <Filter>Core</Filter>
    </ClInclude>
    <ClInclude Include="GraphicsModule.h">
      <Filter>Modules\Graphics</Filter>
    </ClInclude>
    <ClInclude Include="Module.h">
      <Filter>Modules</Filter>
    </ClInclude>
    <ClInclude Include="Engine.h">
      <Filter>Core</Filter>
    </ClInclude>
    <ClInclude Include="VertexBuffer.h">
      <Filter>Modules\Graphics</Filter>
    </ClInclude>
    <ClInclude Include="Commands.h">
      <Filter>Console</Filter>
    </ClInclude>
    <ClInclude Include="DebugConsoleInput.h">
      <Filter>Console</Filter>
    </ClInclude>
    <ClInclude Include="Console.h">
      <Filter>Console</Filter>
    </ClInclude>
    <ClInclude Include="Debug.h">
      <Filter>Console</Filter>
    </ClInclude>
  </ItemGroup>
  <ItemGroup>
    <ClCompile Include="Object.cpp">
      <Filter>Core</Filter>
    </ClCompile>
    <ClCompile Include="Window.cpp">
      <Filter>Modules\Window</Filter>
    </ClCompile>
    <ClCompile Include="WindowModule.cpp">
      <Filter>Modules\Window</Filter>
    </ClCompile>
    <ClCompile Include="GameState.cpp">
      <Filter>Core</Filter>
    </ClCompile>
    <ClCompile Include="Game.cpp">
      <Filter>Core</Filter>
    </ClCompile>
    <ClCompile Include="GraphicsModule.cpp">
      <Filter>Modules\Graphics</Filter>
    </ClCompile>
    <ClCompile Include="Module.cpp">
      <Filter>Modules</Filter>
    </ClCompile>
    <ClCompile Include="Engine.cpp">
      <Filter>Core</Filter>
    </ClCompile>
    <ClCompile Include="VertexBuffer.cpp">
      <Filter>Modules\Graphics</Filter>
    </ClCompile>
    <ClCompile Include="Commands.cpp">
      <Filter>Console</Filter>
    </ClCompile>
    <ClCompile Include="DebugConsoleInput.cpp">
      <Filter>Console</Filter>
    </ClCompile>
    <ClCompile Include="Console.cpp">
      <Filter>Console</Filter>
    </ClCompile>
    <ClCompile Include="Debug.cpp">
      <Filter>Console</Filter>
    </ClCompile>
  </ItemGroup>
</Project>