<?xml version="1.0" encoding="utf-8"?>
<Project ToolsVersion="4.0" xmlns="http://schemas.microsoft.com/developer/msbuild/2003">
  <ItemGroup>
    <Filter Include="Modules">
      <UniqueIdentifier>{7c80d032-726a-47b5-a7ef-8dde6a4b5dbf}</UniqueIdentifier>
    </Filter>
    <Filter Include="Core">
      <UniqueIdentifier>{fec1dc8f-e10e-49a8-acd3-945df6fdc031}</UniqueIdentifier>
    </Filter>
    <Filter Include="Modules\Window">
      <UniqueIdentifier>{7cb283d4-817c-42d9-9c9d-a6ce3a088a11}</UniqueIdentifier>
    </Filter>
    <Filter Include="Modules\Graphics">
      <UniqueIdentifier>{1002c50a-8b51-42ef-81bd-21f0c167ee07}</UniqueIdentifier>
    </Filter>
    <Filter Include="Console">
      <UniqueIdentifier>{b974db2a-d750-4dc0-8164-62248fe429bc}</UniqueIdentifier>
    </Filter>
    <Filter Include="Modules\Graphics\Geometry">
      <UniqueIdentifier>{8375dcd8-84c1-4519-87e2-b27486800efe}</UniqueIdentifier>
    </Filter>
    <Filter Include="Modules\Image">
      <UniqueIdentifier>{2fb6bca1-20db-4703-8d2f-1a08ee6a0191}</UniqueIdentifier>
    </Filter>
    <Filter Include="Modules\ResourceLoading">
      <UniqueIdentifier>{edd496af-3764-4d40-abe3-dd89c48b0cbd}</UniqueIdentifier>
    </Filter>
    <Filter Include="Modules\ResourceLoading\Textures">
      <UniqueIdentifier>{80fd8452-6ac6-48ac-8f11-25a9b94356cd}</UniqueIdentifier>
    </Filter>
    <Filter Include="Modules\ResourceLoading\Models">
      <UniqueIdentifier>{a9d3957a-7230-4140-88b6-6973bab50456}</UniqueIdentifier>
    </Filter>
    <Filter Include="Modules\ResourceLoading\File">
      <UniqueIdentifier>{8fba0a90-3774-4636-987b-d1eee8624765}</UniqueIdentifier>
    </Filter>
    <Filter Include="Modules\ResourceLoading\Base">
      <UniqueIdentifier>{c9510934-6a96-461e-8cc9-546953c527bb}</UniqueIdentifier>
    </Filter>
    <Filter Include="Modules\ResourceLoading\Shaders">
      <UniqueIdentifier>{e0ff632b-5a67-4b18-aa25-29c896f6c211}</UniqueIdentifier>
    </Filter>
    <Filter Include="Modules\Graphics\Rendering">
      <UniqueIdentifier>{185c566f-1967-4b68-966a-dc80f495ff85}</UniqueIdentifier>
    </Filter>
    <Filter Include="Threading">
      <UniqueIdentifier>{12c568ea-27ce-4516-b780-f1447c0123ea}</UniqueIdentifier>
    </Filter>
    <Filter Include="JobSystem">
      <UniqueIdentifier>{cc5dd0ad-1d9a-45f2-b19f-7d2349d930dd}</UniqueIdentifier>
    </Filter>
    <Filter Include="Modules\Graphics\Rendering\Commands">
      <UniqueIdentifier>{3cc24a7f-4599-4e39-a80a-825bad334403}</UniqueIdentifier>
    </Filter>
  </ItemGroup>
  <ItemGroup>
    <ClInclude Include="CoreExceptions.h">
      <Filter>Core</Filter>
    </ClInclude>
    <ClInclude Include="GloryCore.h">
      <Filter>Core</Filter>
    </ClInclude>
    <ClInclude Include="Object.h">
      <Filter>Core</Filter>
    </ClInclude>
    <ClInclude Include="Window.h">
      <Filter>Modules\Window</Filter>
    </ClInclude>
    <ClInclude Include="WindowModule.h">
      <Filter>Modules\Window</Filter>
    </ClInclude>
    <ClInclude Include="GameSettings.h">
      <Filter>Core</Filter>
    </ClInclude>
    <ClInclude Include="GameState.h">
      <Filter>Core</Filter>
    </ClInclude>
    <ClInclude Include="Game.h">
      <Filter>Core</Filter>
    </ClInclude>
    <ClInclude Include="GraphicsModule.h">
      <Filter>Modules\Graphics</Filter>
    </ClInclude>
    <ClInclude Include="Module.h">
      <Filter>Modules</Filter>
    </ClInclude>
    <ClInclude Include="Engine.h">
      <Filter>Core</Filter>
    </ClInclude>
    <ClInclude Include="Commands.h">
      <Filter>Console</Filter>
    </ClInclude>
    <ClInclude Include="DebugConsoleInput.h">
      <Filter>Console</Filter>
    </ClInclude>
    <ClInclude Include="Console.h">
      <Filter>Console</Filter>
    </ClInclude>
    <ClInclude Include="Debug.h">
      <Filter>Console</Filter>
    </ClInclude>
    <ClInclude Include="GraphicsMemoryManager.h">
      <Filter>Modules\Graphics</Filter>
    </ClInclude>
    <ClInclude Include="GPUMemory.h">
      <Filter>Modules\Graphics</Filter>
    </ClInclude>
    <ClInclude Include="Mesh.h">
      <Filter>Modules\Graphics\Geometry</Filter>
    </ClInclude>
    <ClInclude Include="VertexDefinitions.h">
      <Filter>Modules\Graphics\Geometry</Filter>
    </ClInclude>
    <ClInclude Include="VertexHelpers.h">
      <Filter>Modules\Graphics\Geometry</Filter>
    </ClInclude>
    <ClInclude Include="Buffer.h">
      <Filter>Modules\Graphics\Geometry</Filter>
    </ClInclude>
    <ClInclude Include="Shader.h">
      <Filter>Modules\Graphics</Filter>
    </ClInclude>
    <ClInclude Include="ImageLoaderModule.h">
      <Filter>Modules\ResourceLoading\Textures</Filter>
    </ClInclude>
    <ClInclude Include="GraphicsEnums.h">
      <Filter>Modules\Graphics</Filter>
    </ClInclude>
    <ClInclude Include="ImageData.h">
      <Filter>Modules\ResourceLoading\Textures</Filter>
    </ClInclude>
    <ClInclude Include="Texture.h">
      <Filter>Modules\Graphics</Filter>
    </ClInclude>
    <ClInclude Include="ModelLoaderModule.h">
      <Filter>Modules\ResourceLoading\Models</Filter>
    </ClInclude>
    <ClInclude Include="ModelData.h">
      <Filter>Modules\ResourceLoading\Models</Filter>
    </ClInclude>
    <ClInclude Include="MeshData.h">
      <Filter>Modules\ResourceLoading\Models</Filter>
    </ClInclude>
    <ClInclude Include="FileData.h">
      <Filter>Modules\ResourceLoading\File</Filter>
    </ClInclude>
    <ClInclude Include="FileLoaderModule.h">
      <Filter>Modules\ResourceLoading\File</Filter>
    </ClInclude>
    <ClInclude Include="ImportSettings.h">
      <Filter>Modules\ResourceLoading\Base</Filter>
    </ClInclude>
    <ClInclude Include="Resource.h">
      <Filter>Modules\ResourceLoading\Base</Filter>
    </ClInclude>
    <ClInclude Include="ResourceLoaderModule.h">
      <Filter>Modules\ResourceLoading\Base</Filter>
    </ClInclude>
    <ClInclude Include="Material.h">
      <Filter>Modules\Graphics</Filter>
    </ClInclude>
    <ClInclude Include="ShaderData.h">
      <Filter>Modules\ResourceLoading\Shaders</Filter>
    </ClInclude>
    <ClInclude Include="ShaderLoaderModule.h">
      <Filter>Modules\ResourceLoading\Shaders</Filter>
    </ClInclude>
    <ClInclude Include="RenderQueue.h">
      <Filter>Modules\Graphics\Rendering</Filter>
    </ClInclude>
    <ClInclude Include="RenderFrame.h">
      <Filter>Modules\Graphics\Rendering</Filter>
    </ClInclude>
    <ClInclude Include="GraphicsThread.h">
      <Filter>Modules\Graphics\Rendering</Filter>
    </ClInclude>
    <ClInclude Include="ThreadManager.h">
      <Filter>Threading</Filter>
    </ClInclude>
    <ClInclude Include="Thread.h">
      <Filter>Threading</Filter>
    </ClInclude>
    <ClInclude Include="JobManager.h">
      <Filter>JobSystem</Filter>
    </ClInclude>
    <ClInclude Include="JobPool.h">
      <Filter>JobSystem</Filter>
    </ClInclude>
    <ClInclude Include="Job.h">
      <Filter>JobSystem</Filter>
    </ClInclude>
    <ClInclude Include="JobQueue.h">
      <Filter>JobSystem</Filter>
    </ClInclude>
    <ClInclude Include="GraphicsCommandHandler.h">
      <Filter>Modules\Graphics\Rendering\Commands</Filter>
    </ClInclude>
    <ClInclude Include="GraphicsCommandLibrary.h">
      <Filter>Modules\Graphics\Rendering\Commands</Filter>
    </ClInclude>
    <ClInclude Include="GraphicsCommands.h">
      <Filter>Modules\Graphics\Rendering\Commands</Filter>
    </ClInclude>
    <ClInclude Include="CommandData.h">
      <Filter>Modules\Graphics\Rendering\Commands</Filter>
    </ClInclude>
  </ItemGroup>
  <ItemGroup>
    <ClCompile Include="Object.cpp">
      <Filter>Core</Filter>
    </ClCompile>
    <ClCompile Include="Window.cpp">
      <Filter>Modules\Window</Filter>
    </ClCompile>
    <ClCompile Include="WindowModule.cpp">
      <Filter>Modules\Window</Filter>
    </ClCompile>
    <ClCompile Include="GameState.cpp">
      <Filter>Core</Filter>
    </ClCompile>
    <ClCompile Include="Game.cpp">
      <Filter>Core</Filter>
    </ClCompile>
    <ClCompile Include="GraphicsModule.cpp">
      <Filter>Modules\Graphics</Filter>
    </ClCompile>
    <ClCompile Include="Module.cpp">
      <Filter>Modules</Filter>
    </ClCompile>
    <ClCompile Include="Engine.cpp">
      <Filter>Core</Filter>
    </ClCompile>
    <ClCompile Include="Commands.cpp">
      <Filter>Console</Filter>
    </ClCompile>
    <ClCompile Include="DebugConsoleInput.cpp">
      <Filter>Console</Filter>
    </ClCompile>
    <ClCompile Include="Console.cpp">
      <Filter>Console</Filter>
    </ClCompile>
    <ClCompile Include="Debug.cpp">
      <Filter>Console</Filter>
    </ClCompile>
    <ClCompile Include="GraphicsMemoryManager.cpp">
      <Filter>Modules\Graphics</Filter>
    </ClCompile>
    <ClCompile Include="GPUMemory.cpp">
      <Filter>Modules\Graphics</Filter>
    </ClCompile>
    <ClCompile Include="Mesh.cpp">
      <Filter>Modules\Graphics\Geometry</Filter>
    </ClCompile>
    <ClCompile Include="Buffer.cpp">
      <Filter>Modules\Graphics\Geometry</Filter>
    </ClCompile>
    <ClCompile Include="Shader.cpp">
      <Filter>Modules\Graphics</Filter>
    </ClCompile>
    <ClCompile Include="ImageLoaderModule.cpp">
      <Filter>Modules\ResourceLoading\Textures</Filter>
    </ClCompile>
    <ClCompile Include="ImageData.cpp">
      <Filter>Modules\ResourceLoading\Textures</Filter>
    </ClCompile>
    <ClCompile Include="Texture.cpp">
      <Filter>Modules\Graphics</Filter>
    </ClCompile>
    <ClCompile Include="ModelLoaderModule.cpp">
      <Filter>Modules\ResourceLoading\Models</Filter>
    </ClCompile>
    <ClCompile Include="ModelData.cpp">
      <Filter>Modules\ResourceLoading\Models</Filter>
    </ClCompile>
    <ClCompile Include="MeshData.cpp">
      <Filter>Modules\ResourceLoading\Models</Filter>
    </ClCompile>
    <ClCompile Include="FileData.cpp">
      <Filter>Modules\ResourceLoading\File</Filter>
    </ClCompile>
    <ClCompile Include="FileLoaderModule.cpp">
      <Filter>Modules\ResourceLoading\File</Filter>
    </ClCompile>
    <ClCompile Include="ImportSettings.cpp">
      <Filter>Modules\ResourceLoading\Base</Filter>
    </ClCompile>
    <ClCompile Include="Resource.cpp">
      <Filter>Modules\ResourceLoading\Base</Filter>
    </ClCompile>
    <ClCompile Include="ResourceLoaderModule.cpp">
      <Filter>Modules\ResourceLoading\Base</Filter>
    </ClCompile>
    <ClCompile Include="Material.cpp">
      <Filter>Modules\Graphics</Filter>
    </ClCompile>
    <ClCompile Include="ShaderData.cpp">
      <Filter>Modules\ResourceLoading\Shaders</Filter>
    </ClCompile>
    <ClCompile Include="ShaderLoaderModule.cpp">
      <Filter>Modules\ResourceLoading\Shaders</Filter>
    </ClCompile>
    <ClCompile Include="RenderQueue.cpp">
      <Filter>Modules\Graphics\Rendering</Filter>
    </ClCompile>
    <ClCompile Include="RenderFrame.cpp">
      <Filter>Modules\Graphics\Rendering</Filter>
    </ClCompile>
    <ClCompile Include="GraphicsThread.cpp">
      <Filter>Modules\Graphics\Rendering</Filter>
    </ClCompile>
    <ClCompile Include="ThreadManager.cpp">
      <Filter>Threading</Filter>
    </ClCompile>
    <ClCompile Include="Thread.cpp">
      <Filter>Threading</Filter>
    </ClCompile>
    <ClCompile Include="JobManager.cpp">
      <Filter>JobSystem</Filter>
    </ClCompile>
    <ClCompile Include="JobPool.cpp">
      <Filter>JobSystem</Filter>
    </ClCompile>
    <ClCompile Include="Job.cpp">
      <Filter>JobSystem</Filter>
    </ClCompile>
    <ClCompile Include="JobQueue.cpp">
      <Filter>JobSystem</Filter>
    </ClCompile>
    <ClCompile Include="GraphicsCommandHandler.cpp">
      <Filter>Modules\Graphics\Rendering\Commands</Filter>
    </ClCompile>
    <ClCompile Include="GraphicsCommandLibrary.cpp">
      <Filter>Modules\Graphics\Rendering\Commands</Filter>
    </ClCompile>
    <ClCompile Include="CommandData.cpp" />
  </ItemGroup>
</Project>