<?xml version="1.0" encoding="utf-8"?>
<Project ToolsVersion="4.0" xmlns="http://schemas.microsoft.com/developer/msbuild/2003">
  <ItemGroup>
    <Filter Include="Backend">
      <UniqueIdentifier>{7a734c5d-6135-49e8-ba57-c057202b24e8}</UniqueIdentifier>
    </Filter>
    <Filter Include="Backend\Base">
      <UniqueIdentifier>{02ac27f1-ffed-4ed5-b62f-9723a62eba13}</UniqueIdentifier>
    </Filter>
    <Filter Include="Backend\Vulkan">
      <UniqueIdentifier>{7cb0ce92-0242-42ef-a1ac-89423ed9de45}</UniqueIdentifier>
    </Filter>
    <Filter Include="Backend\SDL">
      <UniqueIdentifier>{b7481cce-ff43-49e9-a581-99b9dceb8749}</UniqueIdentifier>
    </Filter>
    <Filter Include="Content">
      <UniqueIdentifier>{f5b1501d-247b-44c5-a63c-25ad6e93c715}</UniqueIdentifier>
    </Filter>
    <Filter Include="Content\Editors">
      <UniqueIdentifier>{1022bf4f-03a7-4dba-a97c-d3e8d000d25a}</UniqueIdentifier>
    </Filter>
    <Filter Include="Content\Tumbnails">
      <UniqueIdentifier>{210fee74-9409-4f14-8e58-99fc96765180}</UniqueIdentifier>
    </Filter>
    <Filter Include="Content\PropertyDrawers">
      <UniqueIdentifier>{fc77dad8-a1f7-4633-ae44-72b18a8bd94f}</UniqueIdentifier>
    </Filter>
    <Filter Include="Editor">
      <UniqueIdentifier>{795236a8-a4ff-4ce6-825d-4a10bd2f01cb}</UniqueIdentifier>
    </Filter>
    <Filter Include="ImGui">
      <UniqueIdentifier>{a1f84836-9791-4839-a2a7-59bd96ea8552}</UniqueIdentifier>
    </Filter>
    <Filter Include="OLD">
      <UniqueIdentifier>{5be3d922-9b97-422d-a8ad-e3fd26552f7c}</UniqueIdentifier>
    </Filter>
    <Filter Include="Popups">
      <UniqueIdentifier>{f689622f-ad11-4286-96e3-00e06d3eb339}</UniqueIdentifier>
    </Filter>
    <Filter Include="Windows">
      <UniqueIdentifier>{9dbc5309-26bb-463b-996a-6f514521ff94}</UniqueIdentifier>
    </Filter>
    <Filter Include="Backend\OpenGL">
      <UniqueIdentifier>{d03cca54-dfcb-42f9-8a6a-6de3575d9fa8}</UniqueIdentifier>
    </Filter>
  </ItemGroup>
  <ItemGroup>
    <ClCompile Include="..\GloryEditor\EditorRenderImpl.cpp">
      <Filter>Backend\Base</Filter>
    </ClCompile>
    <ClCompile Include="..\GloryEditor\EditorWindowImpl.cpp">
      <Filter>Backend\Base</Filter>
    </ClCompile>
    <ClCompile Include="..\GloryEditor\EditorVulkanRenderImpl.cpp">
      <Filter>Backend\Vulkan</Filter>
    </ClCompile>
    <ClCompile Include="..\GloryEditor\EditorSDLWindowImpl.cpp">
      <Filter>Backend\SDL</Filter>
    </ClCompile>
    <ClCompile Include="..\GloryEditor\BehaviorTreeEditor.cpp">
      <Filter>Content\Editors</Filter>
    </ClCompile>
    <ClCompile Include="..\GloryEditor\ComponentEditor.cpp">
      <Filter>Content\Editors</Filter>
    </ClCompile>
    <ClCompile Include="..\GloryEditor\Editor.cpp">
      <Filter>Content\Editors</Filter>
    </ClCompile>
    <ClCompile Include="..\GloryEditor\GameObjectEditor.cpp">
      <Filter>Content\Editors</Filter>
    </ClCompile>
    <ClCompile Include="..\GloryEditor\ScriptableObjectEditor.cpp">
      <Filter>Content\Editors</Filter>
    </ClCompile>
    <ClCompile Include="..\GloryEditor\AudioTumbnailGenerator.cpp">
      <Filter>Content\Tumbnails</Filter>
    </ClCompile>
    <ClCompile Include="..\GloryEditor\FontTumbnailGenerator.cpp">
      <Filter>Content\Tumbnails</Filter>
    </ClCompile>
    <ClCompile Include="..\GloryEditor\TextureTumbnailGenerator.cpp">
      <Filter>Content\Tumbnails</Filter>
    </ClCompile>
    <ClCompile Include="..\GloryEditor\Tumbnail.cpp">
      <Filter>Content\Tumbnails</Filter>
    </ClCompile>
    <ClCompile Include="..\GloryEditor\TumbnailGenerator.cpp">
      <Filter>Content\Tumbnails</Filter>
    </ClCompile>
    <ClCompile Include="..\GloryEditor\AssetReferencePropertyDrawer.cpp">
      <Filter>Content\PropertyDrawers</Filter>
    </ClCompile>
    <ClCompile Include="..\GloryEditor\PropertyDrawer.cpp">
      <Filter>Content\PropertyDrawers</Filter>
    </ClCompile>
    <ClCompile Include="..\GloryEditor\StandardPropertyDrawers.cpp">
      <Filter>Content\PropertyDrawers</Filter>
    </ClCompile>
    <ClCompile Include="..\GloryEditor\EditorApplication.cpp">
      <Filter>Editor</Filter>
    </ClCompile>
    <ClCompile Include="..\GloryEditor\EditorPlatform.cpp">
      <Filter>Editor</Filter>
    </ClCompile>
    <ClCompile Include="..\GloryEditor\MainEditor.cpp">
      <Filter>Editor</Filter>
    </ClCompile>
    <ClCompile Include="..\GloryEditor\MenuBar.cpp">
      <Filter>Editor</Filter>
    </ClCompile>
    <ClCompile Include="..\GloryEditor\imgui_impl_sdl.cpp">
      <Filter>ImGui</Filter>
    </ClCompile>
    <ClCompile Include="..\GloryEditor\imgui_impl_vulkan.cpp">
      <Filter>ImGui</Filter>
    </ClCompile>
    <ClCompile Include="..\GloryEditor\AssetPickerPopup.cpp">
      <Filter>OLD</Filter>
    </ClCompile>
    <ClCompile Include="..\GloryEditor\ComponentPopup.cpp">
      <Filter>OLD</Filter>
    </ClCompile>
    <ClCompile Include="..\GloryEditor\EditorSceneManager.cpp">
      <Filter>OLD</Filter>
    </ClCompile>
    <ClCompile Include="..\GloryEditor\LevelEditor.cpp">
      <Filter>OLD</Filter>
    </ClCompile>
    <ClCompile Include="..\GloryEditor\SceneViewCamera.cpp">
      <Filter>OLD</Filter>
    </ClCompile>
    <ClCompile Include="..\GloryEditor\Selection.cpp">
      <Filter>OLD</Filter>
    </ClCompile>
    <ClCompile Include="..\GloryEditor\SkeletonEditorComponent.cpp">
      <Filter>OLD</Filter>
    </ClCompile>
    <ClCompile Include="..\GloryEditor\SkeletonObject.cpp">
      <Filter>OLD</Filter>
    </ClCompile>
    <ClCompile Include="..\GloryEditor\PopupManager.cpp">
      <Filter>Popups</Filter>
    </ClCompile>
    <ClCompile Include="..\GloryEditor\ContentBrowser.cpp">
      <Filter>Windows</Filter>
    </ClCompile>
    <ClCompile Include="..\GloryEditor\EditorPreferencesWindow.cpp">
      <Filter>Windows</Filter>
    </ClCompile>
    <ClCompile Include="..\GloryEditor\EditorWindow.cpp">
      <Filter>Windows</Filter>
    </ClCompile>
    <ClCompile Include="..\GloryEditor\GameWindow.cpp">
      <Filter>Windows</Filter>
    </ClCompile>
    <ClCompile Include="..\GloryEditor\InspectorWindow.cpp">
      <Filter>Windows</Filter>
    </ClCompile>
    <ClCompile Include="..\GloryEditor\SceneGraphWindow.cpp">
      <Filter>Windows</Filter>
    </ClCompile>
    <ClCompile Include="..\GloryEditor\SceneWindow.cpp">
      <Filter>Windows</Filter>
    </ClCompile>
    <ClCompile Include="imgui_impl_opengl3.cpp">
      <Filter>ImGui</Filter>
    </ClCompile>
    <ClCompile Include="EditorOpenGLRenderImply.cpp">
      <Filter>Backend\OpenGL</Filter>
    </ClCompile>
  </ItemGroup>
  <ItemGroup>
    <ClInclude Include="..\GloryEditor\EditorRenderImpl.h">
      <Filter>Backend\Base</Filter>
    </ClInclude>
    <ClInclude Include="..\GloryEditor\EditorWindowImpl.h">
      <Filter>Backend\Base</Filter>
    </ClInclude>
    <ClInclude Include="..\GloryEditor\EditorVulkanRenderImpl.h">
      <Filter>Backend\Vulkan</Filter>
    </ClInclude>
    <ClInclude Include="..\GloryEditor\EditorSDLWindowImpl.h">
      <Filter>Backend\SDL</Filter>
    </ClInclude>
    <ClInclude Include="..\GloryEditor\BehaviorTreeEditor.h">
      <Filter>Content\Editors</Filter>
    </ClInclude>
    <ClInclude Include="..\GloryEditor\ComponentEditor.h">
      <Filter>Content\Editors</Filter>
    </ClInclude>
    <ClInclude Include="..\GloryEditor\Editor.h">
      <Filter>Content\Editors</Filter>
    </ClInclude>
    <ClInclude Include="..\GloryEditor\GameObjectEditor.h">
      <Filter>Content\Editors</Filter>
    </ClInclude>
    <ClInclude Include="..\GloryEditor\ScriptableObjectEditor.h">
      <Filter>Content\Editors</Filter>
    </ClInclude>
    <ClInclude Include="..\GloryEditor\AudioTumbnailGenerator.h">
      <Filter>Content\Tumbnails</Filter>
    </ClInclude>
    <ClInclude Include="..\GloryEditor\FontTumbnailGenerator.h">
      <Filter>Content\Tumbnails</Filter>
    </ClInclude>
    <ClInclude Include="..\GloryEditor\TextureTumbnailGenerator.h">
      <Filter>Content\Tumbnails</Filter>
    </ClInclude>
    <ClInclude Include="..\GloryEditor\Tumbnail.h">
      <Filter>Content\Tumbnails</Filter>
    </ClInclude>
    <ClInclude Include="..\GloryEditor\TumbnailGenerator.h">
      <Filter>Content\Tumbnails</Filter>
    </ClInclude>
    <ClInclude Include="..\GloryEditor\AssetReferencePropertyDrawer.h">
      <Filter>Content\PropertyDrawers</Filter>
    </ClInclude>
    <ClInclude Include="..\GloryEditor\PropertyDrawer.h">
      <Filter>Content\PropertyDrawers</Filter>
    </ClInclude>
    <ClInclude Include="..\GloryEditor\StandardPropertyDrawers.h">
      <Filter>Content\PropertyDrawers</Filter>
    </ClInclude>
    <ClInclude Include="..\GloryEditor\EditorApplication.h">
      <Filter>Editor</Filter>
    </ClInclude>
    <ClInclude Include="..\GloryEditor\EditorPlatform.h">
      <Filter>Editor</Filter>
    </ClInclude>
    <ClInclude Include="..\GloryEditor\MainEditor.h">
      <Filter>Editor</Filter>
    </ClInclude>
    <ClInclude Include="..\GloryEditor\MenuBar.h">
      <Filter>Editor</Filter>
    </ClInclude>
    <ClInclude Include="..\GloryEditor\imgui_impl_sdl.h">
      <Filter>ImGui</Filter>
    </ClInclude>
    <ClInclude Include="..\GloryEditor\imgui_impl_vulkan.h">
      <Filter>ImGui</Filter>
    </ClInclude>
    <ClInclude Include="..\GloryEditor\AssetPickerPopup.h">
      <Filter>OLD</Filter>
    </ClInclude>
    <ClInclude Include="..\GloryEditor\ComponentPopup.h">
      <Filter>OLD</Filter>
    </ClInclude>
    <ClInclude Include="..\GloryEditor\EditorSceneManager.h">
      <Filter>OLD</Filter>
    </ClInclude>
    <ClInclude Include="..\GloryEditor\LevelEditor.h">
      <Filter>OLD</Filter>
    </ClInclude>
    <ClInclude Include="..\GloryEditor\SceneViewCamera.h">
      <Filter>OLD</Filter>
    </ClInclude>
    <ClInclude Include="..\GloryEditor\Selection.h">
      <Filter>OLD</Filter>
    </ClInclude>
    <ClInclude Include="..\GloryEditor\SkeletonEditorComponent.h">
      <Filter>OLD</Filter>
    </ClInclude>
    <ClInclude Include="..\GloryEditor\SkeletonObject.h">
      <Filter>OLD</Filter>
    </ClInclude>
    <ClInclude Include="..\GloryEditor\PopupManager.h">
      <Filter>Popups</Filter>
    </ClInclude>
    <ClInclude Include="..\GloryEditor\ContentBrowser.h">
      <Filter>Windows</Filter>
    </ClInclude>
    <ClInclude Include="..\GloryEditor\EditorPreferencesWindow.h">
      <Filter>Windows</Filter>
    </ClInclude>
    <ClInclude Include="..\GloryEditor\EditorWindow.h">
      <Filter>Windows</Filter>
    </ClInclude>
    <ClInclude Include="..\GloryEditor\GameWindow.h">
      <Filter>Windows</Filter>
    </ClInclude>
    <ClInclude Include="..\GloryEditor\InspectorWindow.h">
      <Filter>Windows</Filter>
    </ClInclude>
    <ClInclude Include="..\GloryEditor\SceneGraphWindow.h">
      <Filter>Windows</Filter>
    </ClInclude>
    <ClInclude Include="..\GloryEditor\SceneWindow.h">
      <Filter>Windows</Filter>
    </ClInclude>
    <ClInclude Include="imgui_impl_opengl3.h">
      <Filter>ImGui</Filter>
    </ClInclude>
    <ClInclude Include="EditorOpenGLRenderImpl.h">
      <Filter>Backend\OpenGL</Filter>
    </ClInclude>
  </ItemGroup>
</Project>