<?xml version="1.0" encoding="utf-8"?>
<Project ToolsVersion="4.0" xmlns="http://schemas.microsoft.com/developer/msbuild/2003">
  <ItemGroup>
    <Filter Include="ECS">
      <UniqueIdentifier>{71eb42c3-f6be-42e6-ba89-f0fe3bac6e1b}</UniqueIdentifier>
    </Filter>
    <Filter Include="Module">
      <UniqueIdentifier>{4f9e6ef8-6eff-49b8-8cbe-da822fd1c468}</UniqueIdentifier>
    </Filter>
    <Filter Include="Systems">
      <UniqueIdentifier>{ae46f94c-6850-4502-aab0-04ad5c7ceec9}</UniqueIdentifier>
    </Filter>
  </ItemGroup>
  <ItemGroup>
    <ClInclude Include="EntityID.h">
      <Filter>ECS</Filter>
    </ClInclude>
    <ClInclude Include="Registry.h">
      <Filter>ECS</Filter>
    </ClInclude>
    <ClInclude Include="EntityComponentData.h">
      <Filter>ECS</Filter>
    </ClInclude>
    <ClInclude Include="Entity.h">
      <Filter>Module</Filter>
    </ClInclude>
    <ClInclude Include="EntityScene.h">
      <Filter>Module</Filter>
    </ClInclude>
    <ClInclude Include="EntitySystem.h">
      <Filter>Systems</Filter>
    </ClInclude>
    <ClInclude Include="EntitySystems.h">
      <Filter>Systems</Filter>
    </ClInclude>
    <ClInclude Include="EntitySceneScenesModule.h">
      <Filter>Module</Filter>
    </ClInclude>
    <ClInclude Include="Components.h">
      <Filter>Module</Filter>
    </ClInclude>
    <ClInclude Include="TransformSystem.h">
      <Filter>Systems</Filter>
    </ClInclude>
    <ClInclude Include="Systems.h">
      <Filter>Systems</Filter>
    </ClInclude>
  </ItemGroup>
  <ItemGroup>
    <ClCompile Include="Registry.cpp">
      <Filter>ECS</Filter>
    </ClCompile>
    <ClCompile Include="Entity.cpp">
      <Filter>Module</Filter>
    </ClCompile>
    <ClCompile Include="EntityScene.cpp">
      <Filter>Module</Filter>
    </ClCompile>
    <ClCompile Include="EntitySystems.cpp">
      <Filter>Systems</Filter>
    </ClCompile>
    <ClCompile Include="EntitySystem.cpp">
      <Filter>Systems</Filter>
    </ClCompile>
    <ClCompile Include="EntitySceneScenesModule.cpp">
      <Filter>Module</Filter>
    </ClCompile>
    <ClCompile Include="Components.cpp">
      <Filter>Module</Filter>
    </ClCompile>
    <ClCompile Include="TransformSystem.cpp">
      <Filter>Systems</Filter>
    </ClCompile>
  </ItemGroup>
</Project>