<?xml version="1.0" encoding="utf-8"?>
<Project ToolsVersion="4.0" xmlns="http://schemas.microsoft.com/developer/msbuild/2003">
  <ItemGroup>
    <Filter Include="Module">
      <UniqueIdentifier>{96cbd5c3-6479-449a-9ec6-f766e93231df}</UniqueIdentifier>
    </Filter>
    <Filter Include="Device">
      <UniqueIdentifier>{e15a228d-4e9b-4982-a292-d2a26ada27d1}</UniqueIdentifier>
    </Filter>
    <Filter Include="Graphics">
      <UniqueIdentifier>{d812bac3-26d9-4b51-8cc0-876c0b490b4e}</UniqueIdentifier>
    </Filter>
    <Filter Include="Buffers">
      <UniqueIdentifier>{7403910c-2bc0-42e4-9e10-6f6abd9fc0cb}</UniqueIdentifier>
    </Filter>
  </ItemGroup>
  <ItemGroup>
    <ClCompile Include="VulkanGraphicsModule.cpp">
      <Filter>Module</Filter>
    </ClCompile>
    <ClCompile Include="VulkanDeviceManager.cpp">
      <Filter>Device</Filter>
    </ClCompile>
    <ClCompile Include="Device.cpp">
      <Filter>Device</Filter>
    </ClCompile>
    <ClCompile Include="SwapChain.cpp">
      <Filter>Graphics</Filter>
    </ClCompile>
    <ClCompile Include="VulkanMesh.cpp">
      <Filter>Buffers</Filter>
    </ClCompile>
    <ClCompile Include="VulkanBuffer.cpp">
      <Filter>Buffers</Filter>
    </ClCompile>
    <ClCompile Include="VulkanTexture.cpp">
      <Filter>Graphics</Filter>
    </ClCompile>
    <ClCompile Include="VulkanImageSampler.cpp">
      <Filter>Graphics</Filter>
    </ClCompile>
    <ClCompile Include="VulkanStructsConverter.cpp">
      <Filter>Module</Filter>
    </ClCompile>
    <ClCompile Include="VulkanRenderPass.cpp">
      <Filter>Graphics</Filter>
    </ClCompile>
    <ClCompile Include="DepthImage.cpp">
      <Filter>Graphics</Filter>
    </ClCompile>
    <ClCompile Include="VulkanShader.cpp">
      <Filter>Graphics</Filter>
    </ClCompile>
  </ItemGroup>
  <ItemGroup>
    <ClInclude Include="VulkanGraphicsModule.h">
      <Filter>Module</Filter>
    </ClInclude>
    <ClInclude Include="GloryVulkan.h">
      <Filter>Module</Filter>
    </ClInclude>
    <ClInclude Include="VulkanExceptions.h">
      <Filter>Module</Filter>
    </ClInclude>
    <ClInclude Include="QueueFamilyIndices.h">
      <Filter>Device</Filter>
    </ClInclude>
    <ClInclude Include="VulkanDeviceManager.h">
      <Filter>Device</Filter>
    </ClInclude>
    <ClInclude Include="Device.h">
      <Filter>Device</Filter>
    </ClInclude>
    <ClInclude Include="SwapChain.h">
      <Filter>Graphics</Filter>
    </ClInclude>
    <ClInclude Include="VulkanMesh.h">
      <Filter>Buffers</Filter>
    </ClInclude>
    <ClInclude Include="VulkanBuffer.h">
      <Filter>Buffers</Filter>
    </ClInclude>
    <ClInclude Include="VulkanTexture.h">
      <Filter>Graphics</Filter>
    </ClInclude>
    <ClInclude Include="VulkanImageSampler.h">
      <Filter>Graphics</Filter>
    </ClInclude>
    <ClInclude Include="VulkanStructsConverter.h">
      <Filter>Module</Filter>
    </ClInclude>
    <ClInclude Include="VulkanRenderPass.h">
      <Filter>Graphics</Filter>
    </ClInclude>
    <ClInclude Include="DepthImage.h">
      <Filter>Graphics</Filter>
    </ClInclude>
    <ClInclude Include="VulkanShader.h">
      <Filter>Graphics</Filter>
    </ClInclude>
  </ItemGroup>
</Project>